
Microsoft Visual Studio Solution File, Format Version 12.00
# Visual Studio Version 17
VisualStudioVersion = 17.5.33530.505
MinimumVisualStudioVersion = 10.0.40219.1
Project("{FAE04EC0-301F-11D3-BF4B-00C04F79EFBC}") = "Datos", "Datos\Datos.csproj", "{20B5DF20-731D-49BC-843D-40CBF2AD7247}"
EndProject
Global
	GlobalSection(SolutionConfigurationPlatforms) = preSolution
		Debug|Any CPU = Debug|Any CPU
		Release|Any CPU = Release|Any CPU
	EndGlobalSection
	GlobalSection(ProjectConfigurationPlatforms) = postSolution
		{20B5DF20-731D-49BC-843D-40CBF2AD7247}.Debug|Any CPU.ActiveCfg = Debug|Any CPU
		{20B5DF20-731D-49BC-843D-40CBF2AD7247}.Debug|Any CPU.Build.0 = Debug|Any CPU
		{20B5DF20-731D-49BC-843D-40CBF2AD7247}.Release|Any CPU.ActiveCfg = Release|Any CPU
		{20B5DF20-731D-49BC-843D-40CBF2AD7247}.Release|Any CPU.Build.0 = Release|Any CPU
	EndGlobalSection
	GlobalSection(SolutionProperties) = preSolution
		HideSolutionNode = FALSE
	EndGlobalSection
	GlobalSection(ExtensibilityGlobals) = postSolution
		SolutionGuid = {2FF0B5E5-A4DA-4234-AF1E-B57152A1A03B}
	EndGlobalSection
EndGlobal
