
Microsoft Visual Studio Solution File, Format Version 12.00
# Visual Studio Version 17
VisualStudioVersion = 17.5.33530.505
MinimumVisualStudioVersion = 10.0.40219.1
Project("{FAE04EC0-301F-11D3-BF4B-00C04F79EFBC}") = "MessageBox", "MessageBox\MessageBox.csproj", "{2AA762E5-B5DE-4815-87D1-EF38021939C9}"
EndProject
Global
	GlobalSection(SolutionConfigurationPlatforms) = preSolution
		Debug|Any CPU = Debug|Any CPU
		Release|Any CPU = Release|Any CPU
	EndGlobalSection
	GlobalSection(ProjectConfigurationPlatforms) = postSolution
		{2AA762E5-B5DE-4815-87D1-EF38021939C9}.Debug|Any CPU.ActiveCfg = Debug|Any CPU
		{2AA762E5-B5DE-4815-87D1-EF38021939C9}.Debug|Any CPU.Build.0 = Debug|Any CPU
		{2AA762E5-B5DE-4815-87D1-EF38021939C9}.Release|Any CPU.ActiveCfg = Release|Any CPU
		{2AA762E5-B5DE-4815-87D1-EF38021939C9}.Release|Any CPU.Build.0 = Release|Any CPU
	EndGlobalSection
	GlobalSection(SolutionProperties) = preSolution
		HideSolutionNode = FALSE
	EndGlobalSection
	GlobalSection(ExtensibilityGlobals) = postSolution
		SolutionGuid = {D59EDD94-B115-49F0-A288-1B1385C68ECD}
	EndGlobalSection
EndGlobal
